<Solution>
  <Folder Name="/docs/">
    <File Path="docs/introduction.md" />
    <File Path="docs/exception-behavior.md" />
    <File Path="docs/inverted-transitions.md" />
    <File Path="docs/mermaid-diagrams.md" />
    <File Path="docs/plantuml-diagrams.md" />
    <File Path="docs/getting-started.md" />
    <File Path="docs/general-concepts.md" />
    <File Path="docs/state-machine-lifecycle.md" />
    <File Path="docs/actions.md" />
    <File Path="docs/parameterless-transitions.md" />
    <File Path="docs/parameterized-transitions.md" />
    <File Path="docs/mapped-transitions.md" />
    <File Path="docs/reentrant-transitions.md" />
    <File Path="docs/triggers.md" />
    <File Path="docs/exception-handling.md" />
  </Folder>
  <Folder Name="/docs/upgrades/">
    <File Path="docs/upgrades/v1-to-v2.md" />
  </Folder>
  <Folder Name="/samples/" />
  <Folder Name="/samples/MarineSample/">
    <File Path="samples/MarineSample/MarineSample.slnx" />
    <File Path="samples/MarineSample/README.md" />
  </Folder>
  <Folder Name="/samples/OrderProcessorSample/">
    <File Path="samples/OrderProcessorSample/OrderProcessorSample.slnx" />
    <File Path="samples/OrderProcessorSample/README.md" />
  </Folder>
  <Folder Name="/src/">
    <Project Path="src/ZCrew.StateCraft.Mermaid/ZCrew.StateCraft.Mermaid.csproj" />
    <Project Path="src/ZCrew.StateCraft.PlantUml/ZCrew.StateCraft.PlantUml.csproj" />
    <Project Path="src/ZCrew.StateCraft/ZCrew.StateCraft.csproj" />
  </Folder>
  <Folder Name="/tests/">
    <Project Path="tests/ZCrew.StateCraft.IntegrationTests/ZCrew.StateCraft.IntegrationTests.csproj" />
    <Project Path="tests/ZCrew.StateCraft.Mermaid.IntegrationTests/ZCrew.StateCraft.Mermaid.IntegrationTests.csproj" />
    <Project Path="tests/ZCrew.StateCraft.PlantUml.IntegrationTests/ZCrew.StateCraft.PlantUml.IntegrationTests.csproj" />
    <Project Path="tests/ZCrew.StateCraft.UnitTests/ZCrew.StateCraft.UnitTests.csproj" />
  </Folder>
</Solution>
